
Microsoft Visual Studio Solution File, Format Version 11.00
# Visual Studio 2010
Project("{FAE04EC0-301F-11D3-BF4B-00C04F79EFBC}") = "SqlInserterWpf", "SqlInserterWpf\SqlInserterWpf.csproj", "{B177879A-460E-4F72-B757-14D6ED04911C}"
EndProject
Project("{FAE04EC0-301F-11D3-BF4B-00C04F79EFBC}") = "SQLObjects", "SQLObjects\SQLObjects.csproj", "{AE84946B-4CA1-48D7-BBB5-84C6616AFCB3}"
EndProject
Global
	GlobalSection(SolutionConfigurationPlatforms) = preSolution
		Debug|Any CPU = Debug|Any CPU
		Debug|Mixed Platforms = Debug|Mixed Platforms
		Debug|x86 = Debug|x86
		Release|Any CPU = Release|Any CPU
		Release|Mixed Platforms = Release|Mixed Platforms
		Release|x86 = Release|x86
	EndGlobalSection
	GlobalSection(ProjectConfigurationPlatforms) = postSolution
		{B177879A-460E-4F72-B757-14D6ED04911C}.Debug|Any CPU.ActiveCfg = Debug|x86
		{B177879A-460E-4F72-B757-14D6ED04911C}.Debug|Mixed Platforms.ActiveCfg = Debug|x86
		{B177879A-460E-4F72-B757-14D6ED04911C}.Debug|Mixed Platforms.Build.0 = Debug|x86
		{B177879A-460E-4F72-B757-14D6ED04911C}.Debug|x86.ActiveCfg = Debug|x86
		{B177879A-460E-4F72-B757-14D6ED04911C}.Debug|x86.Build.0 = Debug|x86
		{B177879A-460E-4F72-B757-14D6ED04911C}.Release|Any CPU.ActiveCfg = Release|x86
		{B177879A-460E-4F72-B757-14D6ED04911C}.Release|Mixed Platforms.ActiveCfg = Release|x86
		{B177879A-460E-4F72-B757-14D6ED04911C}.Release|Mixed Platforms.Build.0 = Release|x86
		{B177879A-460E-4F72-B757-14D6ED04911C}.Release|x86.ActiveCfg = Release|x86
		{B177879A-460E-4F72-B757-14D6ED04911C}.Release|x86.Build.0 = Release|x86
		{AE84946B-4CA1-48D7-BBB5-84C6616AFCB3}.Debug|Any CPU.ActiveCfg = Debug|Any CPU
		{AE84946B-4CA1-48D7-BBB5-84C6616AFCB3}.Debug|Any CPU.Build.0 = Debug|Any CPU
		{AE84946B-4CA1-48D7-BBB5-84C6616AFCB3}.Debug|Mixed Platforms.ActiveCfg = Debug|Any CPU
		{AE84946B-4CA1-48D7-BBB5-84C6616AFCB3}.Debug|Mixed Platforms.Build.0 = Debug|Any CPU
		{AE84946B-4CA1-48D7-BBB5-84C6616AFCB3}.Debug|x86.ActiveCfg = Debug|Any CPU
		{AE84946B-4CA1-48D7-BBB5-84C6616AFCB3}.Release|Any CPU.ActiveCfg = Release|Any CPU
		{AE84946B-4CA1-48D7-BBB5-84C6616AFCB3}.Release|Any CPU.Build.0 = Release|Any CPU
		{AE84946B-4CA1-48D7-BBB5-84C6616AFCB3}.Release|Mixed Platforms.ActiveCfg = Release|Any CPU
		{AE84946B-4CA1-48D7-BBB5-84C6616AFCB3}.Release|Mixed Platforms.Build.0 = Release|Any CPU
		{AE84946B-4CA1-48D7-BBB5-84C6616AFCB3}.Release|x86.ActiveCfg = Release|Any CPU
	EndGlobalSection
	GlobalSection(SolutionProperties) = preSolution
		HideSolutionNode = FALSE
	EndGlobalSection
EndGlobal
